// !$*UTF8*$!
{
	archiveVersion = 1;
	classes = {
	};
	objectVersion = 56;
	objects = {

/* Begin PBXBuildFile section */
		570E6E492B5371E9008FDE8C /* MissionView.swift in Sources */ = {isa = PBXBuildFile; fileRef = 570E6E482B5371E9008FDE8C /* MissionView.swift */; };
		570E6E4B2B539B6E008FDE8C /* AstronautView.swift in Sources */ = {isa = PBXBuildFile; fileRef = 570E6E4A2B539B6E008FDE8C /* AstronautView.swift */; };
		57B3F14A2B50E4D400A931EC /* MoonshotApp.swift in Sources */ = {isa = PBXBuildFile; fileRef = 57B3F1492B50E4D400A931EC /* MoonshotApp.swift */; };
		57B3F14C2B50E4D400A931EC /* ContentView.swift in Sources */ = {isa = PBXBuildFile; fileRef = 57B3F14B2B50E4D400A931EC /* ContentView.swift */; };
		57B3F14E2B50E4D500A931EC /* Assets.xcassets in Resources */ = {isa = PBXBuildFile; fileRef = 57B3F14D2B50E4D500A931EC /* Assets.xcassets */; };
		57B3F1522B50E4D500A931EC /* Preview Assets.xcassets in Resources */ = {isa = PBXBuildFile; fileRef = 57B3F1512B50E4D500A931EC /* Preview Assets.xcassets */; };
		57B3F15C2B50E4D500A931EC /* MoonshotTests.swift in Sources */ = {isa = PBXBuildFile; fileRef = 57B3F15B2B50E4D500A931EC /* MoonshotTests.swift */; };
		57B3F1662B50E4D500A931EC /* MoonshotUITests.swift in Sources */ = {isa = PBXBuildFile; fileRef = 57B3F1652B50E4D500A931EC /* MoonshotUITests.swift */; };
		57B3F1682B50E4D500A931EC /* MoonshotUITestsLaunchTests.swift in Sources */ = {isa = PBXBuildFile; fileRef = 57B3F1672B50E4D500A931EC /* MoonshotUITestsLaunchTests.swift */; };
		57B3F1762B522E2B00A931EC /* astronauts.json in Resources */ = {isa = PBXBuildFile; fileRef = 57B3F1742B522E2B00A931EC /* astronauts.json */; };
		57B3F1772B522E2B00A931EC /* missions.json in Resources */ = {isa = PBXBuildFile; fileRef = 57B3F1752B522E2B00A931EC /* missions.json */; };
		57B3F1792B52306D00A931EC /* Astronaut.swift in Sources */ = {isa = PBXBuildFile; fileRef = 57B3F1782B52306D00A931EC /* Astronaut.swift */; };
		57B3F17B2B52309B00A931EC /* Bundle-Decoable.swift in Sources */ = {isa = PBXBuildFile; fileRef = 57B3F17A2B52309B00A931EC /* Bundle-Decoable.swift */; };
		57B3F17D2B52330700A931EC /* Mission.swift in Sources */ = {isa = PBXBuildFile; fileRef = 57B3F17C2B52330700A931EC /* Mission.swift */; };
		57B3F17F2B523FED00A931EC /* Color.swift in Sources */ = {isa = PBXBuildFile; fileRef = 57B3F17E2B523FED00A931EC /* Color.swift */; };
/* End PBXBuildFile section */

/* Begin PBXContainerItemProxy section */
		57B3F1582B50E4D500A931EC /* PBXContainerItemProxy */ = {
			isa = PBXContainerItemProxy;
			containerPortal = 57B3F13E2B50E4D400A931EC /* Project object */;
			proxyType = 1;
			remoteGlobalIDString = 57B3F1452B50E4D400A931EC;
			remoteInfo = Moonshot;
		};
		57B3F1622B50E4D500A931EC /* PBXContainerItemProxy */ = {
			isa = PBXContainerItemProxy;
			containerPortal = 57B3F13E2B50E4D400A931EC /* Project object */;
			proxyType = 1;
			remoteGlobalIDString = 57B3F1452B50E4D400A931EC;
			remoteInfo = Moonshot;
		};
/* End PBXContainerItemProxy section */

/* Begin PBXFileReference section */
		570E6E482B5371E9008FDE8C /* MissionView.swift */ = {isa = PBXFileReference; lastKnownFileType = sourcecode.swift; path = MissionView.swift; sourceTree = "<group>"; };
		570E6E4A2B539B6E008FDE8C /* AstronautView.swift */ = {isa = PBXFileReference; lastKnownFileType = sourcecode.swift; path = AstronautView.swift; sourceTree = "<group>"; };
		57B3F1462B50E4D400A931EC /* Moonshot.app */ = {isa = PBXFileReference; explicitFileType = wrapper.application; includeInIndex = 0; path = Moonshot.app; sourceTree = BUILT_PRODUCTS_DIR; };
		57B3F1492B50E4D400A931EC /* MoonshotApp.swift */ = {isa = PBXFileReference; lastKnownFileType = sourcecode.swift; path = MoonshotApp.swift; sourceTree = "<group>"; };
		57B3F14B2B50E4D400A931EC /* ContentView.swift */ = {isa = PBXFileReference; lastKnownFileType = sourcecode.swift; path = ContentView.swift; sourceTree = "<group>"; };
		57B3F14D2B50E4D500A931EC /* Assets.xcassets */ = {isa = PBXFileReference; lastKnownFileType = folder.assetcatalog; path = Assets.xcassets; sourceTree = "<group>"; };
		57B3F14F2B50E4D500A931EC /* Moonshot.entitlements */ = {isa = PBXFileReference; lastKnownFileType = text.plist.entitlements; path = Moonshot.entitlements; sourceTree = "<group>"; };
		57B3F1512B50E4D500A931EC /* Preview Assets.xcassets */ = {isa = PBXFileReference; lastKnownFileType = folder.assetcatalog; path = "Preview Assets.xcassets"; sourceTree = "<group>"; };
		57B3F1572B50E4D500A931EC /* MoonshotTests.xctest */ = {isa = PBXFileReference; explicitFileType = wrapper.cfbundle; includeInIndex = 0; path = MoonshotTests.xctest; sourceTree = BUILT_PRODUCTS_DIR; };
		57B3F15B2B50E4D500A931EC /* MoonshotTests.swift */ = {isa = PBXFileReference; lastKnownFileType = sourcecode.swift; path = MoonshotTests.swift; sourceTree = "<group>"; };
		57B3F1612B50E4D500A931EC /* MoonshotUITests.xctest */ = {isa = PBXFileReference; explicitFileType = wrapper.cfbundle; includeInIndex = 0; path = MoonshotUITests.xctest; sourceTree = BUILT_PRODUCTS_DIR; };
		57B3F1652B50E4D500A931EC /* MoonshotUITests.swift */ = {isa = PBXFileReference; lastKnownFileType = sourcecode.swift; path = MoonshotUITests.swift; sourceTree = "<group>"; };
		57B3F1672B50E4D500A931EC /* MoonshotUITestsLaunchTests.swift */ = {isa = PBXFileReference; lastKnownFileType = sourcecode.swift; path = MoonshotUITestsLaunchTests.swift; sourceTree = "<group>"; };
		57B3F1742B522E2B00A931EC /* astronauts.json */ = {isa = PBXFileReference; fileEncoding = 4; lastKnownFileType = text.json; path = astronauts.json; sourceTree = "<group>"; };
		57B3F1752B522E2B00A931EC /* missions.json */ = {isa = PBXFileReference; fileEncoding = 4; lastKnownFileType = text.json; path = missions.json; sourceTree = "<group>"; };
		57B3F1782B52306D00A931EC /* Astronaut.swift */ = {isa = PBXFileReference; lastKnownFileType = sourcecode.swift; path = Astronaut.swift; sourceTree = "<group>"; };
		57B3F17A2B52309B00A931EC /* Bundle-Decoable.swift */ = {isa = PBXFileReference; lastKnownFileType = sourcecode.swift; path = "Bundle-Decoable.swift"; sourceTree = "<group>"; };
		57B3F17C2B52330700A931EC /* Mission.swift */ = {isa = PBXFileReference; lastKnownFileType = sourcecode.swift; path = Mission.swift; sourceTree = "<group>"; };
		57B3F17E2B523FED00A931EC /* Color.swift */ = {isa = PBXFileReference; lastKnownFileType = sourcecode.swift; path = Color.swift; sourceTree = "<group>"; };
/* End PBXFileReference section */

/* Begin PBXFrameworksBuildPhase section */
		57B3F1432B50E4D400A931EC /* Frameworks */ = {
			isa = PBXFrameworksBuildPhase;
			buildActionMask = 2147483647;
			files = (
			);
			runOnlyForDeploymentPostprocessing = 0;
		};
		57B3F1542B50E4D500A931EC /* Frameworks */ = {
			isa = PBXFrameworksBuildPhase;
			buildActionMask = 2147483647;
			files = (
			);
			runOnlyForDeploymentPostprocessing = 0;
		};
		57B3F15E2B50E4D500A931EC /* Frameworks */ = {
			isa = PBXFrameworksBuildPhase;
			buildActionMask = 2147483647;
			files = (
			);
			runOnlyForDeploymentPostprocessing = 0;
		};
/* End PBXFrameworksBuildPhase section */

/* Begin PBXGroup section */
		57B3F13D2B50E4D400A931EC = {
			isa = PBXGroup;
			children = (
				57B3F1482B50E4D400A931EC /* Moonshot */,
				57B3F15A2B50E4D500A931EC /* MoonshotTests */,
				57B3F1642B50E4D500A931EC /* MoonshotUITests */,
				57B3F1472B50E4D400A931EC /* Products */,
			);
			sourceTree = "<group>";
		};
		57B3F1472B50E4D400A931EC /* Products */ = {
			isa = PBXGroup;
			children = (
				57B3F1462B50E4D400A931EC /* Moonshot.app */,
				57B3F1572B50E4D500A931EC /* MoonshotTests.xctest */,
				57B3F1612B50E4D500A931EC /* MoonshotUITests.xctest */,
			);
			name = Products;
			sourceTree = "<group>";
		};
		57B3F1482B50E4D400A931EC /* Moonshot */ = {
			isa = PBXGroup;
			children = (
				57B3F1492B50E4D400A931EC /* MoonshotApp.swift */,
				57B3F14B2B50E4D400A931EC /* ContentView.swift */,
				570E6E482B5371E9008FDE8C /* MissionView.swift */,
				570E6E4A2B539B6E008FDE8C /* AstronautView.swift */,
				57B3F14D2B50E4D500A931EC /* Assets.xcassets */,
				57B3F1742B522E2B00A931EC /* astronauts.json */,
				57B3F1752B522E2B00A931EC /* missions.json */,
				57B3F14F2B50E4D500A931EC /* Moonshot.entitlements */,
				57B3F1502B50E4D500A931EC /* Preview Content */,
				57B3F1782B52306D00A931EC /* Astronaut.swift */,
				57B3F17A2B52309B00A931EC /* Bundle-Decoable.swift */,
				57B3F17C2B52330700A931EC /* Mission.swift */,
				57B3F17E2B523FED00A931EC /* Color.swift */,
			);
			path = Moonshot;
			sourceTree = "<group>";
		};
		57B3F1502B50E4D500A931EC /* Preview Content */ = {
			isa = PBXGroup;
			children = (
				57B3F1512B50E4D500A931EC /* Preview Assets.xcassets */,
			);
			path = "Preview Content";
			sourceTree = "<group>";
		};
		57B3F15A2B50E4D500A931EC /* MoonshotTests */ = {
			isa = PBXGroup;
			children = (
				57B3F15B2B50E4D500A931EC /* MoonshotTests.swift */,
			);
			path = MoonshotTests;
			sourceTree = "<group>";
		};
		57B3F1642B50E4D500A931EC /* MoonshotUITests */ = {
			isa = PBXGroup;
			children = (
				57B3F1652B50E4D500A931EC /* MoonshotUITests.swift */,
				57B3F1672B50E4D500A931EC /* MoonshotUITestsLaunchTests.swift */,
			);
			path = MoonshotUITests;
			sourceTree = "<group>";
		};
/* End PBXGroup section */

/* Begin PBXNativeTarget section */
		57B3F1452B50E4D400A931EC /* Moonshot */ = {
			isa = PBXNativeTarget;
			buildConfigurationList = 57B3F16B2B50E4D500A931EC /* Build configuration list for PBXNativeTarget "Moonshot" */;
			buildPhases = (
				57B3F1422B50E4D400A931EC /* Sources */,
				57B3F1432B50E4D400A931EC /* Frameworks */,
				57B3F1442B50E4D400A931EC /* Resources */,
			);
			buildRules = (
			);
			dependencies = (
			);
			name = Moonshot;
			productName = Moonshot;
			productReference = 57B3F1462B50E4D400A931EC /* Moonshot.app */;
			productType = "com.apple.product-type.application";
		};
		57B3F1562B50E4D500A931EC /* MoonshotTests */ = {
			isa = PBXNativeTarget;
			buildConfigurationList = 57B3F16E2B50E4D500A931EC /* Build configuration list for PBXNativeTarget "MoonshotTests" */;
			buildPhases = (
				57B3F1532B50E4D500A931EC /* Sources */,
				57B3F1542B50E4D500A931EC /* Frameworks */,
				57B3F1552B50E4D500A931EC /* Resources */,
			);
			buildRules = (
			);
			dependencies = (
				57B3F1592B50E4D500A931EC /* PBXTargetDependency */,
			);
			name = MoonshotTests;
			productName = MoonshotTests;
			productReference = 57B3F1572B50E4D500A931EC /* MoonshotTests.xctest */;
			productType = "com.apple.product-type.bundle.unit-test";
		};
		57B3F1602B50E4D500A931EC /* MoonshotUITests */ = {
			isa = PBXNativeTarget;
			buildConfigurationList = 57B3F1712B50E4D500A931EC /* Build configuration list for PBXNativeTarget "MoonshotUITests" */;
			buildPhases = (
				57B3F15D2B50E4D500A931EC /* Sources */,
				57B3F15E2B50E4D500A931EC /* Frameworks */,
				57B3F15F2B50E4D500A931EC /* Resources */,
			);
			buildRules = (
			);
			dependencies = (
				57B3F1632B50E4D500A931EC /* PBXTargetDependency */,
			);
			name = MoonshotUITests;
			productName = MoonshotUITests;
			productReference = 57B3F1612B50E4D500A931EC /* MoonshotUITests.xctest */;
			productType = "com.apple.product-type.bundle.ui-testing";
		};
/* End PBXNativeTarget section */

/* Begin PBXProject section */
		57B3F13E2B50E4D400A931EC /* Project object */ = {
			isa = PBXProject;
			attributes = {
				BuildIndependentTargetsInParallel = 1;
				LastSwiftUpdateCheck = 1510;
				LastUpgradeCheck = 1510;
				TargetAttributes = {
					57B3F1452B50E4D400A931EC = {
						CreatedOnToolsVersion = 15.1;
					};
					57B3F1562B50E4D500A931EC = {
						CreatedOnToolsVersion = 15.1;
						TestTargetID = 57B3F1452B50E4D400A931EC;
					};
					57B3F1602B50E4D500A931EC = {
						CreatedOnToolsVersion = 15.1;
						TestTargetID = 57B3F1452B50E4D400A931EC;
					};
				};
			};
			buildConfigurationList = 57B3F1412B50E4D400A931EC /* Build configuration list for PBXProject "Moonshot" */;
			compatibilityVersion = "Xcode 14.0";
			developmentRegion = en;
			hasScannedForEncodings = 0;
			knownRegions = (
				en,
				Base,
			);
			mainGroup = 57B3F13D2B50E4D400A931EC;
			productRefGroup = 57B3F1472B50E4D400A931EC /* Products */;
			projectDirPath = "";
			projectRoot = "";
			targets = (
				57B3F1452B50E4D400A931EC /* Moonshot */,
				57B3F1562B50E4D500A931EC /* MoonshotTests */,
				57B3F1602B50E4D500A931EC /* MoonshotUITests */,
			);
		};
/* End PBXProject section */

/* Begin PBXResourcesBuildPhase section */
		57B3F1442B50E4D400A931EC /* Resources */ = {
			isa = PBXResourcesBuildPhase;
			buildActionMask = 2147483647;
			files = (
				57B3F1762B522E2B00A931EC /* astronauts.json in Resources */,
				57B3F1522B50E4D500A931EC /* Preview Assets.xcassets in Resources */,
				57B3F1772B522E2B00A931EC /* missions.json in Resources */,
				57B3F14E2B50E4D500A931EC /* Assets.xcassets in Resources */,
			);
			runOnlyForDeploymentPostprocessing = 0;
		};
		57B3F1552B50E4D500A931EC /* Resources */ = {
			isa = PBXResourcesBuildPhase;
			buildActionMask = 2147483647;
			files = (
			);
			runOnlyForDeploymentPostprocessing = 0;
		};
		57B3F15F2B50E4D500A931EC /* Resources */ = {
			isa = PBXResourcesBuildPhase;
			buildActionMask = 2147483647;
			files = (
			);
			runOnlyForDeploymentPostprocessing = 0;
		};
/* End PBXResourcesBuildPhase section */

/* Begin PBXSourcesBuildPhase section */
		57B3F1422B50E4D400A931EC /* Sources */ = {
			isa = PBXSourcesBuildPhase;
			buildActionMask = 2147483647;
			files = (
				570E6E492B5371E9008FDE8C /* MissionView.swift in Sources */,
				57B3F1792B52306D00A931EC /* Astronaut.swift in Sources */,
				570E6E4B2B539B6E008FDE8C /* AstronautView.swift in Sources */,
				57B3F14C2B50E4D400A931EC /* ContentView.swift in Sources */,
				57B3F17B2B52309B00A931EC /* Bundle-Decoable.swift in Sources */,
				57B3F17D2B52330700A931EC /* Mission.swift in Sources */,
				57B3F14A2B50E4D400A931EC /* MoonshotApp.swift in Sources */,
				57B3F17F2B523FED00A931EC /* Color.swift in Sources */,
			);
			runOnlyForDeploymentPostprocessing = 0;
		};
		57B3F1532B50E4D500A931EC /* Sources */ = {
			isa = PBXSourcesBuildPhase;
			buildActionMask = 2147483647;
			files = (
				57B3F15C2B50E4D500A931EC /* MoonshotTests.swift in Sources */,
			);
			runOnlyForDeploymentPostprocessing = 0;
		};
		57B3F15D2B50E4D500A931EC /* Sources */ = {
			isa = PBXSourcesBuildPhase;
			buildActionMask = 2147483647;
			files = (
				57B3F1682B50E4D500A931EC /* MoonshotUITestsLaunchTests.swift in Sources */,
				57B3F1662B50E4D500A931EC /* MoonshotUITests.swift in Sources */,
			);
			runOnlyForDeploymentPostprocessing = 0;
		};
/* End PBXSourcesBuildPhase section */

/* Begin PBXTargetDependency section */
		57B3F1592B50E4D500A931EC /* PBXTargetDependency */ = {
			isa = PBXTargetDependency;
			target = 57B3F1452B50E4D400A931EC /* Moonshot */;
			targetProxy = 57B3F1582B50E4D500A931EC /* PBXContainerItemProxy */;
		};
		57B3F1632B50E4D500A931EC /* PBXTargetDependency */ = {
			isa = PBXTargetDependency;
			target = 57B3F1452B50E4D400A931EC /* Moonshot */;
			targetProxy = 57B3F1622B50E4D500A931EC /* PBXContainerItemProxy */;
		};
/* End PBXTargetDependency section */

/* Begin XCBuildConfiguration section */
		57B3F1692B50E4D500A931EC /* Debug */ = {
			isa = XCBuildConfiguration;
			buildSettings = {
				ALWAYS_SEARCH_USER_PATHS = NO;
				ASSETCATALOG_COMPILER_GENERATE_SWIFT_ASSET_SYMBOL_EXTENSIONS = YES;
				CLANG_ANALYZER_NONNULL = YES;
				CLANG_ANALYZER_NUMBER_OBJECT_CONVERSION = YES_AGGRESSIVE;
				CLANG_CXX_LANGUAGE_STANDARD = "gnu++20";
				CLANG_ENABLE_MODULES = YES;
				CLANG_ENABLE_OBJC_ARC = YES;
				CLANG_ENABLE_OBJC_WEAK = YES;
				CLANG_WARN_BLOCK_CAPTURE_AUTORELEASING = YES;
				CLANG_WARN_BOOL_CONVERSION = YES;
				CLANG_WARN_COMMA = YES;
				CLANG_WARN_CONSTANT_CONVERSION = YES;
				CLANG_WARN_DEPRECATED_OBJC_IMPLEMENTATIONS = YES;
				CLANG_WARN_DIRECT_OBJC_ISA_USAGE = YES_ERROR;
				CLANG_WARN_DOCUMENTATION_COMMENTS = YES;
				CLANG_WARN_EMPTY_BODY = YES;
				CLANG_WARN_ENUM_CONVERSION = YES;
				CLANG_WARN_INFINITE_RECURSION = YES;
				CLANG_WARN_INT_CONVERSION = YES;
				CLANG_WARN_NON_LITERAL_NULL_CONVERSION = YES;
				CLANG_WARN_OBJC_IMPLICIT_RETAIN_SELF = YES;
				CLANG_WARN_OBJC_LITERAL_CONVERSION = YES;
				CLANG_WARN_OBJC_ROOT_CLASS = YES_ERROR;
				CLANG_WARN_QUOTED_INCLUDE_IN_FRAMEWORK_HEADER = YES;
				CLANG_WARN_RANGE_LOOP_ANALYSIS = YES;
				CLANG_WARN_STRICT_PROTOTYPES = YES;
				CLANG_WARN_SUSPICIOUS_MOVE = YES;
				CLANG_WARN_UNGUARDED_AVAILABILITY = YES_AGGRESSIVE;
				CLANG_WARN_UNREACHABLE_CODE = YES;
				CLANG_WARN__DUPLICATE_METHOD_MATCH = YES;
				COPY_PHASE_STRIP = NO;
				DEBUG_INFORMATION_FORMAT = dwarf;
				ENABLE_STRICT_OBJC_MSGSEND = YES;
				ENABLE_TESTABILITY = YES;
				ENABLE_USER_SCRIPT_SANDBOXING = YES;
				GCC_C_LANGUAGE_STANDARD = gnu17;
				GCC_DYNAMIC_NO_PIC = NO;
				GCC_NO_COMMON_BLOCKS = YES;
				GCC_OPTIMIZATION_LEVEL = 0;
				GCC_PREPROCESSOR_DEFINITIONS = (
					"DEBUG=1",
					"$(inherited)",
				);
				GCC_WARN_64_TO_32_BIT_CONVERSION = YES;
				GCC_WARN_ABOUT_RETURN_TYPE = YES_ERROR;
				GCC_WARN_UNDECLARED_SELECTOR = YES;
				GCC_WARN_UNINITIALIZED_AUTOS = YES_AGGRESSIVE;
				GCC_WARN_UNUSED_FUNCTION = YES;
				GCC_WARN_UNUSED_VARIABLE = YES;
				LOCALIZATION_PREFERS_STRING_CATALOGS = YES;
				MTL_ENABLE_DEBUG_INFO = INCLUDE_SOURCE;
				MTL_FAST_MATH = YES;
				ONLY_ACTIVE_ARCH = YES;
				SWIFT_ACTIVE_COMPILATION_CONDITIONS = "DEBUG $(inherited)";
				SWIFT_OPTIMIZATION_LEVEL = "-Onone";
			};
			name = Debug;
		};
		57B3F16A2B50E4D500A931EC /* Release */ = {
			isa = XCBuildConfiguration;
			buildSettings = {
				ALWAYS_SEARCH_USER_PATHS = NO;
				ASSETCATALOG_COMPILER_GENERATE_SWIFT_ASSET_SYMBOL_EXTENSIONS = YES;
				CLANG_ANALYZER_NONNULL = YES;
				CLANG_ANALYZER_NUMBER_OBJECT_CONVERSION = YES_AGGRESSIVE;
				CLANG_CXX_LANGUAGE_STANDARD = "gnu++20";
				CLANG_ENABLE_MODULES = YES;
				CLANG_ENABLE_OBJC_ARC = YES;
				CLANG_ENABLE_OBJC_WEAK = YES;
				CLANG_WARN_BLOCK_CAPTURE_AUTORELEASING = YES;
				CLANG_WARN_BOOL_CONVERSION = YES;
				CLANG_WARN_COMMA = YES;
				CLANG_WARN_CONSTANT_CONVERSION = YES;
				CLANG_WARN_DEPRECATED_OBJC_IMPLEMENTATIONS = YES;
				CLANG_WARN_DIRECT_OBJC_ISA_USAGE = YES_ERROR;
				CLANG_WARN_DOCUMENTATION_COMMENTS = YES;
				CLANG_WARN_EMPTY_BODY = YES;
				CLANG_WARN_ENUM_CONVERSION = YES;
				CLANG_WARN_INFINITE_RECURSION = YES;
				CLANG_WARN_INT_CONVERSION = YES;
				CLANG_WARN_NON_LITERAL_NULL_CONVERSION = YES;
				CLANG_WARN_OBJC_IMPLICIT_RETAIN_SELF = YES;
				CLANG_WARN_OBJC_LITERAL_CONVERSION = YES;
				CLANG_WARN_OBJC_ROOT_CLASS = YES_ERROR;
				CLANG_WARN_QUOTED_INCLUDE_IN_FRAMEWORK_HEADER = YES;
				CLANG_WARN_RANGE_LOOP_ANALYSIS = YES;
				CLANG_WARN_STRICT_PROTOTYPES = YES;
				CLANG_WARN_SUSPICIOUS_MOVE = YES;
				CLANG_WARN_UNGUARDED_AVAILABILITY = YES_AGGRESSIVE;
				CLANG_WARN_UNREACHABLE_CODE = YES;
				CLANG_WARN__DUPLICATE_METHOD_MATCH = YES;
				COPY_PHASE_STRIP = NO;
				DEBUG_INFORMATION_FORMAT = "dwarf-with-dsym";
				ENABLE_NS_ASSERTIONS = NO;
				ENABLE_STRICT_OBJC_MSGSEND = YES;
				ENABLE_USER_SCRIPT_SANDBOXING = YES;
				GCC_C_LANGUAGE_STANDARD = gnu17;
				GCC_NO_COMMON_BLOCKS = YES;
				GCC_WARN_64_TO_32_BIT_CONVERSION = YES;
				GCC_WARN_ABOUT_RETURN_TYPE = YES_ERROR;
				GCC_WARN_UNDECLARED_SELECTOR = YES;
				GCC_WARN_UNINITIALIZED_AUTOS = YES_AGGRESSIVE;
				GCC_WARN_UNUSED_FUNCTION = YES;
				GCC_WARN_UNUSED_VARIABLE = YES;
				LOCALIZATION_PREFERS_STRING_CATALOGS = YES;
				MTL_ENABLE_DEBUG_INFO = NO;
				MTL_FAST_MATH = YES;
				SWIFT_COMPILATION_MODE = wholemodule;
			};
			name = Release;
		};
		57B3F16C2B50E4D500A931EC /* Debug */ = {
			isa = XCBuildConfiguration;
			buildSettings = {
				ASSETCATALOG_COMPILER_APPICON_NAME = AppIcon;
				ASSETCATALOG_COMPILER_GLOBAL_ACCENT_COLOR_NAME = AccentColor;
				CODE_SIGN_ENTITLEMENTS = Moonshot/Moonshot.entitlements;
				CODE_SIGN_STYLE = Automatic;
				CURRENT_PROJECT_VERSION = 1;
				DEVELOPMENT_ASSET_PATHS = "\"Moonshot/Preview Content\"";
				DEVELOPMENT_TEAM = L6R97MY7CT;
				ENABLE_HARDENED_RUNTIME = YES;
				ENABLE_PREVIEWS = YES;
				GENERATE_INFOPLIST_FILE = YES;
				"INFOPLIST_KEY_UIApplicationSceneManifest_Generation[sdk=iphoneos*]" = YES;
				"INFOPLIST_KEY_UIApplicationSceneManifest_Generation[sdk=iphonesimulator*]" = YES;
				"INFOPLIST_KEY_UIApplicationSupportsIndirectInputEvents[sdk=iphoneos*]" = YES;
				"INFOPLIST_KEY_UIApplicationSupportsIndirectInputEvents[sdk=iphonesimulator*]" = YES;
				"INFOPLIST_KEY_UILaunchScreen_Generation[sdk=iphoneos*]" = YES;
				"INFOPLIST_KEY_UILaunchScreen_Generation[sdk=iphonesimulator*]" = YES;
				"INFOPLIST_KEY_UIStatusBarStyle[sdk=iphoneos*]" = UIStatusBarStyleDefault;
				"INFOPLIST_KEY_UIStatusBarStyle[sdk=iphonesimulator*]" = UIStatusBarStyleDefault;
				INFOPLIST_KEY_UISupportedInterfaceOrientations_iPad = "UIInterfaceOrientationPortrait UIInterfaceOrientationPortraitUpsideDown UIInterfaceOrientationLandscapeLeft UIInterfaceOrientationLandscapeRight";
				INFOPLIST_KEY_UISupportedInterfaceOrientations_iPhone = "UIInterfaceOrientationPortrait UIInterfaceOrientationLandscapeLeft UIInterfaceOrientationLandscapeRight";
				IPHONEOS_DEPLOYMENT_TARGET = 17.2;
				LD_RUNPATH_SEARCH_PATHS = "@executable_path/Frameworks";
				"LD_RUNPATH_SEARCH_PATHS[sdk=macosx*]" = "@executable_path/../Frameworks";
				MACOSX_DEPLOYMENT_TARGET = 14.2;
				MARKETING_VERSION = 1.0;
				PRODUCT_BUNDLE_IDENTIFIER = ramsayleung.github.io.Moonshot;
				PRODUCT_NAME = "$(TARGET_NAME)";
				SDKROOT = auto;
				SUPPORTED_PLATFORMS = "iphoneos iphonesimulator macosx";
				SWIFT_EMIT_LOC_STRINGS = YES;
				SWIFT_VERSION = 5.0;
				TARGETED_DEVICE_FAMILY = "1,2";
			};
			name = Debug;
		};
		57B3F16D2B50E4D500A931EC /* Release */ = {
			isa = XCBuildConfiguration;
			buildSettings = {
				ASSETCATALOG_COMPILER_APPICON_NAME = AppIcon;
				ASSETCATALOG_COMPILER_GLOBAL_ACCENT_COLOR_NAME = AccentColor;
				CODE_SIGN_ENTITLEMENTS = Moonshot/Moonshot.entitlements;
				CODE_SIGN_STYLE = Automatic;
				CURRENT_PROJECT_VERSION = 1;
				DEVELOPMENT_ASSET_PATHS = "\"Moonshot/Preview Content\"";
				DEVELOPMENT_TEAM = L6R97MY7CT;
				ENABLE_HARDENED_RUNTIME = YES;
				ENABLE_PREVIEWS = YES;
				GENERATE_INFOPLIST_FILE = YES;
				"INFOPLIST_KEY_UIApplicationSceneManifest_Generation[sdk=iphoneos*]" = YES;
				"INFOPLIST_KEY_UIApplicationSceneManifest_Generation[sdk=iphonesimulator*]" = YES;
				"INFOPLIST_KEY_UIApplicationSupportsIndirectInputEvents[sdk=iphoneos*]" = YES;
				"INFOPLIST_KEY_UIApplicationSupportsIndirectInputEvents[sdk=iphonesimulator*]" = YES;
				"INFOPLIST_KEY_UILaunchScreen_Generation[sdk=iphoneos*]" = YES;
				"INFOPLIST_KEY_UILaunchScreen_Generation[sdk=iphonesimulator*]" = YES;
				"INFOPLIST_KEY_UIStatusBarStyle[sdk=iphoneos*]" = UIStatusBarStyleDefault;
				"INFOPLIST_KEY_UIStatusBarStyle[sdk=iphonesimulator*]" = UIStatusBarStyleDefault;
				INFOPLIST_KEY_UISupportedInterfaceOrientations_iPad = "UIInterfaceOrientationPortrait UIInterfaceOrientationPortraitUpsideDown UIInterfaceOrientationLandscapeLeft UIInterfaceOrientationLandscapeRight";
				INFOPLIST_KEY_UISupportedInterfaceOrientations_iPhone = "UIInterfaceOrientationPortrait UIInterfaceOrientationLandscapeLeft UIInterfaceOrientationLandscapeRight";
				IPHONEOS_DEPLOYMENT_TARGET = 17.2;
				LD_RUNPATH_SEARCH_PATHS = "@executable_path/Frameworks";
				"LD_RUNPATH_SEARCH_PATHS[sdk=macosx*]" = "@executable_path/../Frameworks";
				MACOSX_DEPLOYMENT_TARGET = 14.2;
				MARKETING_VERSION = 1.0;
				PRODUCT_BUNDLE_IDENTIFIER = ramsayleung.github.io.Moonshot;
				PRODUCT_NAME = "$(TARGET_NAME)";
				SDKROOT = auto;
				SUPPORTED_PLATFORMS = "iphoneos iphonesimulator macosx";
				SWIFT_EMIT_LOC_STRINGS = YES;
				SWIFT_VERSION = 5.0;
				TARGETED_DEVICE_FAMILY = "1,2";
			};
			name = Release;
		};
		57B3F16F2B50E4D500A931EC /* Debug */ = {
			isa = XCBuildConfiguration;
			buildSettings = {
				ALWAYS_EMBED_SWIFT_STANDARD_LIBRARIES = YES;
				BUNDLE_LOADER = "$(TEST_HOST)";
				CODE_SIGN_STYLE = Automatic;
				CURRENT_PROJECT_VERSION = 1;
				DEVELOPMENT_TEAM = L6R97MY7CT;
				GENERATE_INFOPLIST_FILE = YES;
				IPHONEOS_DEPLOYMENT_TARGET = 17.2;
				MACOSX_DEPLOYMENT_TARGET = 14.2;
				MARKETING_VERSION = 1.0;
				PRODUCT_BUNDLE_IDENTIFIER = ramsayleung.github.io.MoonshotTests;
				PRODUCT_NAME = "$(TARGET_NAME)";
				SDKROOT = auto;
				SUPPORTED_PLATFORMS = "iphoneos iphonesimulator macosx";
				SWIFT_EMIT_LOC_STRINGS = NO;
				SWIFT_VERSION = 5.0;
				TARGETED_DEVICE_FAMILY = "1,2";
				TEST_HOST = "$(BUILT_PRODUCTS_DIR)/Moonshot.app/$(BUNDLE_EXECUTABLE_FOLDER_PATH)/Moonshot";
			};
			name = Debug;
		};
		57B3F1702B50E4D500A931EC /* Release */ = {
			isa = XCBuildConfiguration;
			buildSettings = {
				ALWAYS_EMBED_SWIFT_STANDARD_LIBRARIES = YES;
				BUNDLE_LOADER = "$(TEST_HOST)";
				CODE_SIGN_STYLE = Automatic;
				CURRENT_PROJECT_VERSION = 1;
				DEVELOPMENT_TEAM = L6R97MY7CT;
				GENERATE_INFOPLIST_FILE = YES;
				IPHONEOS_DEPLOYMENT_TARGET = 17.2;
				MACOSX_DEPLOYMENT_TARGET = 14.2;
				MARKETING_VERSION = 1.0;
				PRODUCT_BUNDLE_IDENTIFIER = ramsayleung.github.io.MoonshotTests;
				PRODUCT_NAME = "$(TARGET_NAME)";
				SDKROOT = auto;
				SUPPORTED_PLATFORMS = "iphoneos iphonesimulator macosx";
				SWIFT_EMIT_LOC_STRINGS = NO;
				SWIFT_VERSION = 5.0;
				TARGETED_DEVICE_FAMILY = "1,2";
				TEST_HOST = "$(BUILT_PRODUCTS_DIR)/Moonshot.app/$(BUNDLE_EXECUTABLE_FOLDER_PATH)/Moonshot";
			};
			name = Release;
		};
		57B3F1722B50E4D500A931EC /* Debug */ = {
			isa = XCBuildConfiguration;
			buildSettings = {
				ALWAYS_EMBED_SWIFT_STANDARD_LIBRARIES = YES;
				CODE_SIGN_STYLE = Automatic;
				CURRENT_PROJECT_VERSION = 1;
				DEVELOPMENT_TEAM = L6R97MY7CT;
				GENERATE_INFOPLIST_FILE = YES;
				IPHONEOS_DEPLOYMENT_TARGET = 17.2;
				MACOSX_DEPLOYMENT_TARGET = 14.2;
				MARKETING_VERSION = 1.0;
				PRODUCT_BUNDLE_IDENTIFIER = ramsayleung.github.io.MoonshotUITests;
				PRODUCT_NAME = "$(TARGET_NAME)";
				SDKROOT = auto;
				SUPPORTED_PLATFORMS = "iphoneos iphonesimulator macosx";
				SWIFT_EMIT_LOC_STRINGS = NO;
				SWIFT_VERSION = 5.0;
				TARGETED_DEVICE_FAMILY = "1,2";
				TEST_TARGET_NAME = Moonshot;
			};
			name = Debug;
		};
		57B3F1732B50E4D500A931EC /* Release */ = {
			isa = XCBuildConfiguration;
			buildSettings = {
				ALWAYS_EMBED_SWIFT_STANDARD_LIBRARIES = YES;
				CODE_SIGN_STYLE = Automatic;
				CURRENT_PROJECT_VERSION = 1;
				DEVELOPMENT_TEAM = L6R97MY7CT;
				GENERATE_INFOPLIST_FILE = YES;
				IPHONEOS_DEPLOYMENT_TARGET = 17.2;
				MACOSX_DEPLOYMENT_TARGET = 14.2;
				MARKETING_VERSION = 1.0;
				PRODUCT_BUNDLE_IDENTIFIER = ramsayleung.github.io.MoonshotUITests;
				PRODUCT_NAME = "$(TARGET_NAME)";
				SDKROOT = auto;
				SUPPORTED_PLATFORMS = "iphoneos iphonesimulator macosx";
				SWIFT_EMIT_LOC_STRINGS = NO;
				SWIFT_VERSION = 5.0;
				TARGETED_DEVICE_FAMILY = "1,2";
				TEST_TARGET_NAME = Moonshot;
			};
			name = Release;
		};
/* End XCBuildConfiguration section */

/* Begin XCConfigurationList section */
		57B3F1412B50E4D400A931EC /* Build configuration list for PBXProject "Moonshot" */ = {
			isa = XCConfigurationList;
			buildConfigurations = (
				57B3F1692B50E4D500A931EC /* Debug */,
				57B3F16A2B50E4D500A931EC /* Release */,
			);
			defaultConfigurationIsVisible = 0;
			defaultConfigurationName = Release;
		};
		57B3F16B2B50E4D500A931EC /* Build configuration list for PBXNativeTarget "Moonshot" */ = {
			isa = XCConfigurationList;
			buildConfigurations = (
				57B3F16C2B50E4D500A931EC /* Debug */,
				57B3F16D2B50E4D500A931EC /* Release */,
			);
			defaultConfigurationIsVisible = 0;
			defaultConfigurationName = Release;
		};
		57B3F16E2B50E4D500A931EC /* Build configuration list for PBXNativeTarget "MoonshotTests" */ = {
			isa = XCConfigurationList;
			buildConfigurations = (
				57B3F16F2B50E4D500A931EC /* Debug */,
				57B3F1702B50E4D500A931EC /* Release */,
			);
			defaultConfigurationIsVisible = 0;
			defaultConfigurationName = Release;
		};
		57B3F1712B50E4D500A931EC /* Build configuration list for PBXNativeTarget "MoonshotUITests" */ = {
			isa = XCConfigurationList;
			buildConfigurations = (
				57B3F1722B50E4D500A931EC /* Debug */,
				57B3F1732B50E4D500A931EC /* Release */,
			);
			defaultConfigurationIsVisible = 0;
			defaultConfigurationName = Release;
		};
/* End XCConfigurationList section */
	};
	rootObject = 57B3F13E2B50E4D400A931EC /* Project object */;
}
